# @generated by Move, please check-in and do not edit manually.

[move]
version = 2
manifest_digest = "A2592714DDB1E3F7DAA2D371BA672251F36D34B4045A5721C3CF249FB0D61334"
deps_digest = "F8BBB0CCB2491CA29A3DF03D6F92277A4F3574266507ACD77214D37ECA3F3082"
dependencies = [
  { name = "Sui" },
]

[[move.package]]
name = "MoveStdlib"
source = { git = "https://github.com/MystenLabs/sui.git", rev = "framework/testnet", subdir = "crates/sui-framework/packages/move-stdlib" }

[[move.package]]
name = "Sui"
source = { git = "https://github.com/MystenLabs/sui.git", rev = "framework/testnet", subdir = "crates/sui-framework/packages/sui-framework" }

dependencies = [
  { name = "MoveStdlib" },
]

[move.toolchain-version]
compiler-version = "1.31.0"
edition = "2024.beta"
flavor = "sui"

[env]

[env.devnet]
chain-id = "ad2d3cb8"
original-published-id = "0x79a36449c16af2ddd693c07d799092ce8a62cbd9df23ef911e3dd99923205b82"
latest-published-id = "0x79a36449c16af2ddd693c07d799092ce8a62cbd9df23ef911e3dd99923205b82"
published-version = "1"
